
Microsoft Visual Studio Solution File, Format Version 12.00
# Visual Studio Version 17
VisualStudioVersion = 17.2.32526.322
MinimumVisualStudioVersion = 10.0.40219.1
Project("{FAE04EC0-301F-11D3-BF4B-00C04F79EFBC}") = "PeakTimer", "PeakTimer\PeakTimer.csproj", "{3E4A867B-6CEC-4346-BA30-7B56433B60BD}"
EndProject
Global
	GlobalSection(SolutionConfigurationPlatforms) = preSolution
		Debug|Any CPU = Debug|Any CPU
		Release|Any CPU = Release|Any CPU
	EndGlobalSection
	GlobalSection(ProjectConfigurationPlatforms) = postSolution
		{3E4A867B-6CEC-4346-BA30-7B56433B60BD}.Debug|Any CPU.ActiveCfg = Debug|Any CPU
		{3E4A867B-6CEC-4346-BA30-7B56433B60BD}.Debug|Any CPU.Build.0 = Debug|Any CPU
		{3E4A867B-6CEC-4346-BA30-7B56433B60BD}.Release|Any CPU.ActiveCfg = Release|Any CPU
		{3E4A867B-6CEC-4346-BA30-7B56433B60BD}.Release|Any CPU.Build.0 = Release|Any CPU
	EndGlobalSection
	GlobalSection(SolutionProperties) = preSolution
		HideSolutionNode = FALSE
	EndGlobalSection
	GlobalSection(ExtensibilityGlobals) = postSolution
		SolutionGuid = {F48EBCCE-544D-49EF-AD4F-F8760F29D1B4}
	EndGlobalSection
EndGlobal
